
Microsoft Visual Studio Solution File, Format Version 12.00
# Visual Studio Version 17
Project("{8BC9CEB8-8B4A-11D0-8D11-00A0C91BC942}") = "ALL_BUILD", "ALL_BUILD.vcxproj", "{13D0537B-C3E8-366C-9F82-53BE8416F771}"
	ProjectSection(ProjectDependencies) = postProject
		{F790A19D-7196-3F02-A74A-DC6DCF4F44BD} = {F790A19D-7196-3F02-A74A-DC6DCF4F44BD}
		{FFBCBF73-1DD4-3BA2-A9EF-2924D1BDB8C5} = {FFBCBF73-1DD4-3BA2-A9EF-2924D1BDB8C5}
		{4A6054CA-E80D-3552-935D-2C19F55B395F} = {4A6054CA-E80D-3552-935D-2C19F55B395F}
		{DC47AAC2-BF1F-3BE6-AFF0-80D229343BDB} = {DC47AAC2-BF1F-3BE6-AFF0-80D229343BDB}
		{F0E41F94-3569-33CA-ADC8-283EDAFDC8C4} = {F0E41F94-3569-33CA-ADC8-283EDAFDC8C4}
		{5D8BA3BA-8B11-3FA6-A1BD-CA805108D2C0} = {5D8BA3BA-8B11-3FA6-A1BD-CA805108D2C0}
	EndProjectSection
EndProject
Project("{8BC9CEB8-8B4A-11D0-8D11-00A0C91BC942}") = "INSTALL", "INSTALL.vcxproj", "{538C3267-B9AC-3221-B615-1A7613BF54C8}"
	ProjectSection(ProjectDependencies) = postProject
		{13D0537B-C3E8-366C-9F82-53BE8416F771} = {13D0537B-C3E8-366C-9F82-53BE8416F771}
		{F790A19D-7196-3F02-A74A-DC6DCF4F44BD} = {F790A19D-7196-3F02-A74A-DC6DCF4F44BD}
	EndProjectSection
EndProject
Project("{8BC9CEB8-8B4A-11D0-8D11-00A0C91BC942}") = "ZERO_CHECK", "ZERO_CHECK.vcxproj", "{F790A19D-7196-3F02-A74A-DC6DCF4F44BD}"
	ProjectSection(ProjectDependencies) = postProject
	EndProjectSection
EndProject
Project("{8BC9CEB8-8B4A-11D0-8D11-00A0C91BC942}") = "lconfig", "zbar\lconfig.vcxproj", "{FFBCBF73-1DD4-3BA2-A9EF-2924D1BDB8C5}"
	ProjectSection(ProjectDependencies) = postProject
		{F790A19D-7196-3F02-A74A-DC6DCF4F44BD} = {F790A19D-7196-3F02-A74A-DC6DCF4F44BD}
	EndProjectSection
EndProject
Project("{8BC9CEB8-8B4A-11D0-8D11-00A0C91BC942}") = "ldecoder", "zbar\decoder\ldecoder.vcxproj", "{4A6054CA-E80D-3552-935D-2C19F55B395F}"
	ProjectSection(ProjectDependencies) = postProject
		{F790A19D-7196-3F02-A74A-DC6DCF4F44BD} = {F790A19D-7196-3F02-A74A-DC6DCF4F44BD}
		{FFBCBF73-1DD4-3BA2-A9EF-2924D1BDB8C5} = {FFBCBF73-1DD4-3BA2-A9EF-2924D1BDB8C5}
	EndProjectSection
EndProject
Project("{8BC9CEB8-8B4A-11D0-8D11-00A0C91BC942}") = "libzbar-0", "zbar\libzbar-0.vcxproj", "{DC47AAC2-BF1F-3BE6-AFF0-80D229343BDB}"
	ProjectSection(ProjectDependencies) = postProject
		{F790A19D-7196-3F02-A74A-DC6DCF4F44BD} = {F790A19D-7196-3F02-A74A-DC6DCF4F44BD}
		{FFBCBF73-1DD4-3BA2-A9EF-2924D1BDB8C5} = {FFBCBF73-1DD4-3BA2-A9EF-2924D1BDB8C5}
		{4A6054CA-E80D-3552-935D-2C19F55B395F} = {4A6054CA-E80D-3552-935D-2C19F55B395F}
		{F0E41F94-3569-33CA-ADC8-283EDAFDC8C4} = {F0E41F94-3569-33CA-ADC8-283EDAFDC8C4}
		{5D8BA3BA-8B11-3FA6-A1BD-CA805108D2C0} = {5D8BA3BA-8B11-3FA6-A1BD-CA805108D2C0}
	EndProjectSection
EndProject
Project("{8BC9CEB8-8B4A-11D0-8D11-00A0C91BC942}") = "lioconv-win", "zbar\libiconv-win\libiconv\lioconv-win.vcxproj", "{F0E41F94-3569-33CA-ADC8-283EDAFDC8C4}"
	ProjectSection(ProjectDependencies) = postProject
		{F790A19D-7196-3F02-A74A-DC6DCF4F44BD} = {F790A19D-7196-3F02-A74A-DC6DCF4F44BD}
	EndProjectSection
EndProject
Project("{8BC9CEB8-8B4A-11D0-8D11-00A0C91BC942}") = "lqrcode", "zbar\qrcode\lqrcode.vcxproj", "{5D8BA3BA-8B11-3FA6-A1BD-CA805108D2C0}"
	ProjectSection(ProjectDependencies) = postProject
		{F790A19D-7196-3F02-A74A-DC6DCF4F44BD} = {F790A19D-7196-3F02-A74A-DC6DCF4F44BD}
		{FFBCBF73-1DD4-3BA2-A9EF-2924D1BDB8C5} = {FFBCBF73-1DD4-3BA2-A9EF-2924D1BDB8C5}
		{F0E41F94-3569-33CA-ADC8-283EDAFDC8C4} = {F0E41F94-3569-33CA-ADC8-283EDAFDC8C4}
	EndProjectSection
EndProject
Global
	GlobalSection(SolutionConfigurationPlatforms) = preSolution
		Debug|x64 = Debug|x64
		Release|x64 = Release|x64
	EndGlobalSection
	GlobalSection(ProjectConfigurationPlatforms) = postSolution
		{13D0537B-C3E8-366C-9F82-53BE8416F771}.Debug|x64.ActiveCfg = Debug|x64
		{13D0537B-C3E8-366C-9F82-53BE8416F771}.Debug|x64.Build.0 = Debug|x64
		{13D0537B-C3E8-366C-9F82-53BE8416F771}.Release|x64.ActiveCfg = Release|x64
		{13D0537B-C3E8-366C-9F82-53BE8416F771}.Release|x64.Build.0 = Release|x64
		{538C3267-B9AC-3221-B615-1A7613BF54C8}.Debug|x64.ActiveCfg = Debug|x64
		{538C3267-B9AC-3221-B615-1A7613BF54C8}.Release|x64.ActiveCfg = Release|x64
		{F790A19D-7196-3F02-A74A-DC6DCF4F44BD}.Debug|x64.ActiveCfg = Debug|x64
		{F790A19D-7196-3F02-A74A-DC6DCF4F44BD}.Debug|x64.Build.0 = Debug|x64
		{F790A19D-7196-3F02-A74A-DC6DCF4F44BD}.Release|x64.ActiveCfg = Release|x64
		{F790A19D-7196-3F02-A74A-DC6DCF4F44BD}.Release|x64.Build.0 = Release|x64
		{FFBCBF73-1DD4-3BA2-A9EF-2924D1BDB8C5}.Debug|x64.ActiveCfg = Debug|x64
		{FFBCBF73-1DD4-3BA2-A9EF-2924D1BDB8C5}.Debug|x64.Build.0 = Debug|x64
		{FFBCBF73-1DD4-3BA2-A9EF-2924D1BDB8C5}.Release|x64.ActiveCfg = Release|x64
		{FFBCBF73-1DD4-3BA2-A9EF-2924D1BDB8C5}.Release|x64.Build.0 = Release|x64
		{4A6054CA-E80D-3552-935D-2C19F55B395F}.Debug|x64.ActiveCfg = Debug|x64
		{4A6054CA-E80D-3552-935D-2C19F55B395F}.Debug|x64.Build.0 = Debug|x64
		{4A6054CA-E80D-3552-935D-2C19F55B395F}.Release|x64.ActiveCfg = Release|x64
		{4A6054CA-E80D-3552-935D-2C19F55B395F}.Release|x64.Build.0 = Release|x64
		{DC47AAC2-BF1F-3BE6-AFF0-80D229343BDB}.Debug|x64.ActiveCfg = Debug|x64
		{DC47AAC2-BF1F-3BE6-AFF0-80D229343BDB}.Debug|x64.Build.0 = Debug|x64
		{DC47AAC2-BF1F-3BE6-AFF0-80D229343BDB}.Release|x64.ActiveCfg = Release|x64
		{DC47AAC2-BF1F-3BE6-AFF0-80D229343BDB}.Release|x64.Build.0 = Release|x64
		{F0E41F94-3569-33CA-ADC8-283EDAFDC8C4}.Debug|x64.ActiveCfg = Debug|x64
		{F0E41F94-3569-33CA-ADC8-283EDAFDC8C4}.Debug|x64.Build.0 = Debug|x64
		{F0E41F94-3569-33CA-ADC8-283EDAFDC8C4}.Release|x64.ActiveCfg = Release|x64
		{F0E41F94-3569-33CA-ADC8-283EDAFDC8C4}.Release|x64.Build.0 = Release|x64
		{5D8BA3BA-8B11-3FA6-A1BD-CA805108D2C0}.Debug|x64.ActiveCfg = Debug|x64
		{5D8BA3BA-8B11-3FA6-A1BD-CA805108D2C0}.Debug|x64.Build.0 = Debug|x64
		{5D8BA3BA-8B11-3FA6-A1BD-CA805108D2C0}.Release|x64.ActiveCfg = Release|x64
		{5D8BA3BA-8B11-3FA6-A1BD-CA805108D2C0}.Release|x64.Build.0 = Release|x64
	EndGlobalSection
	GlobalSection(ExtensibilityGlobals) = postSolution
		SolutionGuid = {8F3D2832-50C1-3BC2-B71D-44AABA71C520}
	EndGlobalSection
	GlobalSection(ExtensibilityAddIns) = postSolution
	EndGlobalSection
EndGlobal
