<?xml version="1.0" encoding="utf-8"?>
<Project ToolsVersion="17.0" xmlns="http://schemas.microsoft.com/developer/msbuild/2003">
  <ItemGroup>
    <CustomBuild Include="D:\Codes\SelfGit\zbar\libzbar-0.10\build-x86\CMakeFiles\7368576dfeab0016d2005af0f40cd72e\INSTALL_force.rule">
      <Filter>CMake Rules</Filter>
    </CustomBuild>
  </ItemGroup>
  <ItemGroup>
    <Filter Include="CMake Rules">
      <UniqueIdentifier>{6018446A-7C8C-3E4A-A3D1-733D0257ADBE}</UniqueIdentifier>
    </Filter>
  </ItemGroup>
</Project>
